
Microsoft Visual Studio Solution File, Format Version 12.00
# Visual Studio Version 16
VisualStudioVersion = 16.0.29230.61
MinimumVisualStudioVersion = 10.0.40219.1
Project("{FAE04EC0-301F-11D3-BF4B-00C04F79EFBC}") = "ImageEditor.Android", "Src\ImageEditor.Android\ImageEditor.Android.csproj", "{D1AFBC66-20C3-4A3F-A975-00C991199CE6}"
EndProject
Project("{FAE04EC0-301F-11D3-BF4B-00C04F79EFBC}") = "ImageEditor.iOS", "Src\ImageEditor.iOS\ImageEditor.iOS.csproj", "{EEE32D2B-5D39-4F93-B076-4B2B9D714880}"
EndProject
Project("{9A19103F-16F7-4668-BE54-9A1E7A4F7556}") = "ImageEditor", "Src\ImageEditor\ImageEditor.csproj", "{69A7788F-7995-4640-80F6-97D32E06BF3F}"
EndProject
Global
	GlobalSection(SolutionConfigurationPlatforms) = preSolution
		Ad-Hoc|Any CPU = Ad-Hoc|Any CPU
		Ad-Hoc|iPhone = Ad-Hoc|iPhone
		Ad-Hoc|iPhoneSimulator = Ad-Hoc|iPhoneSimulator
		AppStore|Any CPU = AppStore|Any CPU
		AppStore|iPhone = AppStore|iPhone
		AppStore|iPhoneSimulator = AppStore|iPhoneSimulator
		Debug|Any CPU = Debug|Any CPU
		Debug|iPhone = Debug|iPhone
		Debug|iPhoneSimulator = Debug|iPhoneSimulator
		Release|Any CPU = Release|Any CPU
		Release|iPhone = Release|iPhone
		Release|iPhoneSimulator = Release|iPhoneSimulator
	EndGlobalSection
	GlobalSection(ProjectConfigurationPlatforms) = postSolution
		{D1AFBC66-20C3-4A3F-A975-00C991199CE6}.Ad-Hoc|Any CPU.ActiveCfg = Release|Any CPU
		{D1AFBC66-20C3-4A3F-A975-00C991199CE6}.Ad-Hoc|Any CPU.Build.0 = Release|Any CPU
		{D1AFBC66-20C3-4A3F-A975-00C991199CE6}.Ad-Hoc|Any CPU.Deploy.0 = Release|Any CPU
		{D1AFBC66-20C3-4A3F-A975-00C991199CE6}.Ad-Hoc|iPhone.ActiveCfg = Release|Any CPU
		{D1AFBC66-20C3-4A3F-A975-00C991199CE6}.Ad-Hoc|iPhone.Build.0 = Release|Any CPU
		{D1AFBC66-20C3-4A3F-A975-00C991199CE6}.Ad-Hoc|iPhone.Deploy.0 = Release|Any CPU
		{D1AFBC66-20C3-4A3F-A975-00C991199CE6}.Ad-Hoc|iPhoneSimulator.ActiveCfg = Release|Any CPU
		{D1AFBC66-20C3-4A3F-A975-00C991199CE6}.Ad-Hoc|iPhoneSimulator.Build.0 = Release|Any CPU
		{D1AFBC66-20C3-4A3F-A975-00C991199CE6}.Ad-Hoc|iPhoneSimulator.Deploy.0 = Release|Any CPU
		{D1AFBC66-20C3-4A3F-A975-00C991199CE6}.AppStore|Any CPU.ActiveCfg = Release|Any CPU
		{D1AFBC66-20C3-4A3F-A975-00C991199CE6}.AppStore|Any CPU.Build.0 = Release|Any CPU
		{D1AFBC66-20C3-4A3F-A975-00C991199CE6}.AppStore|Any CPU.Deploy.0 = Release|Any CPU
		{D1AFBC66-20C3-4A3F-A975-00C991199CE6}.AppStore|iPhone.ActiveCfg = Release|Any CPU
		{D1AFBC66-20C3-4A3F-A975-00C991199CE6}.AppStore|iPhone.Build.0 = Release|Any CPU
		{D1AFBC66-20C3-4A3F-A975-00C991199CE6}.AppStore|iPhone.Deploy.0 = Release|Any CPU
		{D1AFBC66-20C3-4A3F-A975-00C991199CE6}.AppStore|iPhoneSimulator.ActiveCfg = Release|Any CPU
		{D1AFBC66-20C3-4A3F-A975-00C991199CE6}.AppStore|iPhoneSimulator.Build.0 = Release|Any CPU
		{D1AFBC66-20C3-4A3F-A975-00C991199CE6}.AppStore|iPhoneSimulator.Deploy.0 = Release|Any CPU
		{D1AFBC66-20C3-4A3F-A975-00C991199CE6}.Debug|Any CPU.ActiveCfg = Debug|Any CPU
		{D1AFBC66-20C3-4A3F-A975-00C991199CE6}.Debug|Any CPU.Build.0 = Debug|Any CPU
		{D1AFBC66-20C3-4A3F-A975-00C991199CE6}.Debug|Any CPU.Deploy.0 = Debug|Any CPU
		{D1AFBC66-20C3-4A3F-A975-00C991199CE6}.Debug|iPhone.ActiveCfg = Debug|Any CPU
		{D1AFBC66-20C3-4A3F-A975-00C991199CE6}.Debug|iPhone.Build.0 = Debug|Any CPU
		{D1AFBC66-20C3-4A3F-A975-00C991199CE6}.Debug|iPhone.Deploy.0 = Debug|Any CPU
		{D1AFBC66-20C3-4A3F-A975-00C991199CE6}.Debug|iPhoneSimulator.ActiveCfg = Debug|Any CPU
		{D1AFBC66-20C3-4A3F-A975-00C991199CE6}.Debug|iPhoneSimulator.Build.0 = Debug|Any CPU
		{D1AFBC66-20C3-4A3F-A975-00C991199CE6}.Debug|iPhoneSimulator.Deploy.0 = Debug|Any CPU
		{D1AFBC66-20C3-4A3F-A975-00C991199CE6}.Release|Any CPU.ActiveCfg = Release|Any CPU
		{D1AFBC66-20C3-4A3F-A975-00C991199CE6}.Release|Any CPU.Build.0 = Release|Any CPU
		{D1AFBC66-20C3-4A3F-A975-00C991199CE6}.Release|Any CPU.Deploy.0 = Release|Any CPU
		{D1AFBC66-20C3-4A3F-A975-00C991199CE6}.Release|iPhone.ActiveCfg = Release|Any CPU
		{D1AFBC66-20C3-4A3F-A975-00C991199CE6}.Release|iPhone.Build.0 = Release|Any CPU
		{D1AFBC66-20C3-4A3F-A975-00C991199CE6}.Release|iPhone.Deploy.0 = Release|Any CPU
		{D1AFBC66-20C3-4A3F-A975-00C991199CE6}.Release|iPhoneSimulator.ActiveCfg = Release|Any CPU
		{D1AFBC66-20C3-4A3F-A975-00C991199CE6}.Release|iPhoneSimulator.Build.0 = Release|Any CPU
		{D1AFBC66-20C3-4A3F-A975-00C991199CE6}.Release|iPhoneSimulator.Deploy.0 = Release|Any CPU
		{EEE32D2B-5D39-4F93-B076-4B2B9D714880}.Ad-Hoc|Any CPU.ActiveCfg = Ad-Hoc|iPhone
		{EEE32D2B-5D39-4F93-B076-4B2B9D714880}.Ad-Hoc|Any CPU.Build.0 = Ad-Hoc|iPhone
		{EEE32D2B-5D39-4F93-B076-4B2B9D714880}.Ad-Hoc|Any CPU.Deploy.0 = Ad-Hoc|iPhone
		{EEE32D2B-5D39-4F93-B076-4B2B9D714880}.Ad-Hoc|iPhone.ActiveCfg = Ad-Hoc|iPhone
		{EEE32D2B-5D39-4F93-B076-4B2B9D714880}.Ad-Hoc|iPhone.Build.0 = Ad-Hoc|iPhone
		{EEE32D2B-5D39-4F93-B076-4B2B9D714880}.Ad-Hoc|iPhone.Deploy.0 = Ad-Hoc|iPhone
		{EEE32D2B-5D39-4F93-B076-4B2B9D714880}.Ad-Hoc|iPhoneSimulator.ActiveCfg = Ad-Hoc|iPhoneSimulator
		{EEE32D2B-5D39-4F93-B076-4B2B9D714880}.Ad-Hoc|iPhoneSimulator.Build.0 = Ad-Hoc|iPhoneSimulator
		{EEE32D2B-5D39-4F93-B076-4B2B9D714880}.Ad-Hoc|iPhoneSimulator.Deploy.0 = Ad-Hoc|iPhoneSimulator
		{EEE32D2B-5D39-4F93-B076-4B2B9D714880}.AppStore|Any CPU.ActiveCfg = AppStore|iPhone
		{EEE32D2B-5D39-4F93-B076-4B2B9D714880}.AppStore|Any CPU.Build.0 = AppStore|iPhone
		{EEE32D2B-5D39-4F93-B076-4B2B9D714880}.AppStore|Any CPU.Deploy.0 = AppStore|iPhone
		{EEE32D2B-5D39-4F93-B076-4B2B9D714880}.AppStore|iPhone.ActiveCfg = AppStore|iPhone
		{EEE32D2B-5D39-4F93-B076-4B2B9D714880}.AppStore|iPhone.Build.0 = AppStore|iPhone
		{EEE32D2B-5D39-4F93-B076-4B2B9D714880}.AppStore|iPhone.Deploy.0 = AppStore|iPhone
		{EEE32D2B-5D39-4F93-B076-4B2B9D714880}.AppStore|iPhoneSimulator.ActiveCfg = AppStore|iPhoneSimulator
		{EEE32D2B-5D39-4F93-B076-4B2B9D714880}.AppStore|iPhoneSimulator.Build.0 = AppStore|iPhoneSimulator
		{EEE32D2B-5D39-4F93-B076-4B2B9D714880}.AppStore|iPhoneSimulator.Deploy.0 = AppStore|iPhoneSimulator
		{EEE32D2B-5D39-4F93-B076-4B2B9D714880}.Debug|Any CPU.ActiveCfg = Debug|iPhoneSimulator
		{EEE32D2B-5D39-4F93-B076-4B2B9D714880}.Debug|Any CPU.Build.0 = Debug|iPhoneSimulator
		{EEE32D2B-5D39-4F93-B076-4B2B9D714880}.Debug|Any CPU.Deploy.0 = Debug|iPhoneSimulator
		{EEE32D2B-5D39-4F93-B076-4B2B9D714880}.Debug|iPhone.ActiveCfg = Debug|iPhone
		{EEE32D2B-5D39-4F93-B076-4B2B9D714880}.Debug|iPhone.Build.0 = Debug|iPhone
		{EEE32D2B-5D39-4F93-B076-4B2B9D714880}.Debug|iPhone.Deploy.0 = Debug|iPhone
		{EEE32D2B-5D39-4F93-B076-4B2B9D714880}.Debug|iPhoneSimulator.ActiveCfg = Debug|iPhoneSimulator
		{EEE32D2B-5D39-4F93-B076-4B2B9D714880}.Debug|iPhoneSimulator.Build.0 = Debug|iPhoneSimulator
		{EEE32D2B-5D39-4F93-B076-4B2B9D714880}.Debug|iPhoneSimulator.Deploy.0 = Debug|iPhoneSimulator
		{EEE32D2B-5D39-4F93-B076-4B2B9D714880}.Release|Any CPU.ActiveCfg = Release|iPhone
		{EEE32D2B-5D39-4F93-B076-4B2B9D714880}.Release|Any CPU.Build.0 = Release|iPhone
		{EEE32D2B-5D39-4F93-B076-4B2B9D714880}.Release|Any CPU.Deploy.0 = Release|iPhone
		{EEE32D2B-5D39-4F93-B076-4B2B9D714880}.Release|iPhone.ActiveCfg = Release|iPhone
		{EEE32D2B-5D39-4F93-B076-4B2B9D714880}.Release|iPhone.Build.0 = Release|iPhone
		{EEE32D2B-5D39-4F93-B076-4B2B9D714880}.Release|iPhone.Deploy.0 = Release|iPhone
		{EEE32D2B-5D39-4F93-B076-4B2B9D714880}.Release|iPhoneSimulator.ActiveCfg = Release|iPhoneSimulator
		{EEE32D2B-5D39-4F93-B076-4B2B9D714880}.Release|iPhoneSimulator.Build.0 = Release|iPhoneSimulator
		{EEE32D2B-5D39-4F93-B076-4B2B9D714880}.Release|iPhoneSimulator.Deploy.0 = Release|iPhoneSimulator
		{69A7788F-7995-4640-80F6-97D32E06BF3F}.Ad-Hoc|Any CPU.ActiveCfg = Debug|Any CPU
		{69A7788F-7995-4640-80F6-97D32E06BF3F}.Ad-Hoc|Any CPU.Build.0 = Debug|Any CPU
		{69A7788F-7995-4640-80F6-97D32E06BF3F}.Ad-Hoc|Any CPU.Deploy.0 = Debug|Any CPU
		{69A7788F-7995-4640-80F6-97D32E06BF3F}.Ad-Hoc|iPhone.ActiveCfg = Debug|Any CPU
		{69A7788F-7995-4640-80F6-97D32E06BF3F}.Ad-Hoc|iPhone.Build.0 = Debug|Any CPU
		{69A7788F-7995-4640-80F6-97D32E06BF3F}.Ad-Hoc|iPhone.Deploy.0 = Debug|Any CPU
		{69A7788F-7995-4640-80F6-97D32E06BF3F}.Ad-Hoc|iPhoneSimulator.ActiveCfg = Debug|Any CPU
		{69A7788F-7995-4640-80F6-97D32E06BF3F}.Ad-Hoc|iPhoneSimulator.Build.0 = Debug|Any CPU
		{69A7788F-7995-4640-80F6-97D32E06BF3F}.Ad-Hoc|iPhoneSimulator.Deploy.0 = Debug|Any CPU
		{69A7788F-7995-4640-80F6-97D32E06BF3F}.AppStore|Any CPU.ActiveCfg = Debug|Any CPU
		{69A7788F-7995-4640-80F6-97D32E06BF3F}.AppStore|Any CPU.Build.0 = Debug|Any CPU
		{69A7788F-7995-4640-80F6-97D32E06BF3F}.AppStore|Any CPU.Deploy.0 = Debug|Any CPU
		{69A7788F-7995-4640-80F6-97D32E06BF3F}.AppStore|iPhone.ActiveCfg = Debug|Any CPU
		{69A7788F-7995-4640-80F6-97D32E06BF3F}.AppStore|iPhone.Build.0 = Debug|Any CPU
		{69A7788F-7995-4640-80F6-97D32E06BF3F}.AppStore|iPhone.Deploy.0 = Debug|Any CPU
		{69A7788F-7995-4640-80F6-97D32E06BF3F}.AppStore|iPhoneSimulator.ActiveCfg = Debug|Any CPU
		{69A7788F-7995-4640-80F6-97D32E06BF3F}.AppStore|iPhoneSimulator.Build.0 = Debug|Any CPU
		{69A7788F-7995-4640-80F6-97D32E06BF3F}.AppStore|iPhoneSimulator.Deploy.0 = Debug|Any CPU
		{69A7788F-7995-4640-80F6-97D32E06BF3F}.Debug|Any CPU.ActiveCfg = Debug|Any CPU
		{69A7788F-7995-4640-80F6-97D32E06BF3F}.Debug|Any CPU.Build.0 = Debug|Any CPU
		{69A7788F-7995-4640-80F6-97D32E06BF3F}.Debug|Any CPU.Deploy.0 = Debug|Any CPU
		{69A7788F-7995-4640-80F6-97D32E06BF3F}.Debug|iPhone.ActiveCfg = Debug|Any CPU
		{69A7788F-7995-4640-80F6-97D32E06BF3F}.Debug|iPhone.Build.0 = Debug|Any CPU
		{69A7788F-7995-4640-80F6-97D32E06BF3F}.Debug|iPhone.Deploy.0 = Debug|Any CPU
		{69A7788F-7995-4640-80F6-97D32E06BF3F}.Debug|iPhoneSimulator.ActiveCfg = Debug|Any CPU
		{69A7788F-7995-4640-80F6-97D32E06BF3F}.Debug|iPhoneSimulator.Build.0 = Debug|Any CPU
		{69A7788F-7995-4640-80F6-97D32E06BF3F}.Debug|iPhoneSimulator.Deploy.0 = Debug|Any CPU
		{69A7788F-7995-4640-80F6-97D32E06BF3F}.Release|Any CPU.ActiveCfg = Release|Any CPU
		{69A7788F-7995-4640-80F6-97D32E06BF3F}.Release|Any CPU.Build.0 = Release|Any CPU
		{69A7788F-7995-4640-80F6-97D32E06BF3F}.Release|Any CPU.Deploy.0 = Release|Any CPU
		{69A7788F-7995-4640-80F6-97D32E06BF3F}.Release|iPhone.ActiveCfg = Release|Any CPU
		{69A7788F-7995-4640-80F6-97D32E06BF3F}.Release|iPhone.Build.0 = Release|Any CPU
		{69A7788F-7995-4640-80F6-97D32E06BF3F}.Release|iPhone.Deploy.0 = Release|Any CPU
		{69A7788F-7995-4640-80F6-97D32E06BF3F}.Release|iPhoneSimulator.ActiveCfg = Release|Any CPU
		{69A7788F-7995-4640-80F6-97D32E06BF3F}.Release|iPhoneSimulator.Build.0 = Release|Any CPU
		{69A7788F-7995-4640-80F6-97D32E06BF3F}.Release|iPhoneSimulator.Deploy.0 = Release|Any CPU
	EndGlobalSection
	GlobalSection(SolutionProperties) = preSolution
		HideSolutionNode = FALSE
	EndGlobalSection
	GlobalSection(ExtensibilityGlobals) = postSolution
		SolutionGuid = {03F17A80-063D-4C06-A4F8-335F1459B53B}
	EndGlobalSection
EndGlobal
